
Microsoft Visual Studio Solution File, Format Version 12.00
# Visual Studio Version 17
VisualStudioVersion = 17.5.33516.290
MinimumVisualStudioVersion = 10.0.40219.1
Project("{FAE04EC0-301F-11D3-BF4B-00C04F79EFBC}") = "SampleGitProject", "SampleGitProject\SampleGitProject.csproj", "{2E529C68-9728-421F-805B-E936C4C72F67}"
EndProject
Global
	GlobalSection(SolutionConfigurationPlatforms) = preSolution
		Debug|Any CPU = Debug|Any CPU
		Release|Any CPU = Release|Any CPU
	EndGlobalSection
	GlobalSection(ProjectConfigurationPlatforms) = postSolution
		{2E529C68-9728-421F-805B-E936C4C72F67}.Debug|Any CPU.ActiveCfg = Debug|Any CPU
		{2E529C68-9728-421F-805B-E936C4C72F67}.Debug|Any CPU.Build.0 = Debug|Any CPU
		{2E529C68-9728-421F-805B-E936C4C72F67}.Release|Any CPU.ActiveCfg = Release|Any CPU
		{2E529C68-9728-421F-805B-E936C4C72F67}.Release|Any CPU.Build.0 = Release|Any CPU
	EndGlobalSection
	GlobalSection(SolutionProperties) = preSolution
		HideSolutionNode = FALSE
	EndGlobalSection
	GlobalSection(ExtensibilityGlobals) = postSolution
		SolutionGuid = {F4B69B68-AF12-4C79-9F70-79D6189DF985}
	EndGlobalSection
EndGlobal
